// !$*UTF8*$!
{
	archiveVersion = 1;
	classes = {};
	objectVersion = 56;
	objects = {
		BE7E1D0445B8638E9F94D853 = { isa = PBXFileReference; lastKnownFileType = "sourcecode.swift"; path = "App/SwiftDataRollbackReproApp.swift"; sourceTree = "<group>"; };
		E05FCB614AB36FDEE72EE1F2 = { isa = PBXFileReference; lastKnownFileType = "sourcecode.swift"; path = "Tests/SwiftDataRollbackReproducerTests.swift"; sourceTree = "<group>"; };
		F78A71AF8BBF8CC2F6F31354 = { isa = PBXFileReference; lastKnownFileType = "net.daringfireball.markdown"; path = "README.md"; sourceTree = "<group>"; };
		E6FC57C251E9E1BEC1D3C0D2 = { isa = PBXFileReference; explicitFileType = "wrapper.application"; includeInIndex = 0; path = "SwiftDataRollbackRepro.app"; sourceTree = BUILT_PRODUCTS_DIR; };
		B7480EC88B7F22D0A4757273 = { isa = PBXFileReference; explicitFileType = "wrapper.cfbundle"; includeInIndex = 0; path = "SwiftDataRollbackReproTests.xctest"; sourceTree = BUILT_PRODUCTS_DIR; };
		64292B1C2B2E13EAD8788FC8 = { isa = PBXGroup; children = (BE7E1D0445B8638E9F94D853, E05FCB614AB36FDEE72EE1F2, F78A71AF8BBF8CC2F6F31354, FBDC4F23F93125BBEEAE800C); sourceTree = "<group>"; };
		FBDC4F23F93125BBEEAE800C = { isa = PBXGroup; children = (E6FC57C251E9E1BEC1D3C0D2, B7480EC88B7F22D0A4757273); name = Products; sourceTree = "<group>"; };
		0BE72EDFB16B72078EBFBA23 = { isa = PBXBuildFile; fileRef = BE7E1D0445B8638E9F94D853; };
		2D764CD838DB39F040AA7EC4 = { isa = PBXSourcesBuildPhase; buildActionMask = 2147483647; files = (0BE72EDFB16B72078EBFBA23); runOnlyForDeploymentPostprocessing = 0; };
		12384B5908BE5FE5B3301CEE = { isa = PBXFrameworksBuildPhase; buildActionMask = 2147483647; files = (); runOnlyForDeploymentPostprocessing = 0; };
		06F5DC629BD46AAFD46564D1 = { isa = PBXResourcesBuildPhase; buildActionMask = 2147483647; files = (); runOnlyForDeploymentPostprocessing = 0; };
		0709E0EB73E67AFDD2637944 = { isa = PBXBuildFile; fileRef = E05FCB614AB36FDEE72EE1F2; };
		9F3002A5D69B22D357A58AA9 = { isa = PBXSourcesBuildPhase; buildActionMask = 2147483647; files = (0709E0EB73E67AFDD2637944); runOnlyForDeploymentPostprocessing = 0; };
		99C7943D90D870A50ADE9160 = { isa = PBXFrameworksBuildPhase; buildActionMask = 2147483647; files = (); runOnlyForDeploymentPostprocessing = 0; };
		C584AE92222380FB29B6223F = { isa = PBXResourcesBuildPhase; buildActionMask = 2147483647; files = (); runOnlyForDeploymentPostprocessing = 0; };
		D799BAE6088A90139B415FCC = { isa = PBXContainerItemProxy; containerPortal = 98F54143AB4E86B28C3AFEE0; proxyType = 1; remoteGlobalIDString = 4F6027D858B72CC70E5CC8E9; remoteInfo = SwiftDataRollbackRepro; };
		DE58E2B17C19600779694943 = { isa = PBXTargetDependency; target = 4F6027D858B72CC70E5CC8E9; targetProxy = D799BAE6088A90139B415FCC; };
		4F6027D858B72CC70E5CC8E9 = { isa = PBXNativeTarget; buildConfigurationList = F37922C48DA5978D02C9E50E; buildPhases = (2D764CD838DB39F040AA7EC4, 12384B5908BE5FE5B3301CEE, 06F5DC629BD46AAFD46564D1); buildRules = (); dependencies = (); name = SwiftDataRollbackRepro; productName = SwiftDataRollbackRepro; productReference = E6FC57C251E9E1BEC1D3C0D2; productType = "com.apple.product-type.application"; };
		0A06C5E2DA34E686D888A695 = { isa = PBXNativeTarget; buildConfigurationList = BECB265224D91761C05FDA33; buildPhases = (9F3002A5D69B22D357A58AA9, 99C7943D90D870A50ADE9160, C584AE92222380FB29B6223F); buildRules = (); dependencies = (DE58E2B17C19600779694943); name = SwiftDataRollbackReproTests; productName = SwiftDataRollbackReproTests; productReference = B7480EC88B7F22D0A4757273; productType = "com.apple.product-type.bundle.unit-test"; };
		89E1FD6268CC0F221A2BE178 = { isa = XCBuildConfiguration; buildSettings = { CLANG_ENABLE_MODULES = "YES"; SDKROOT = "iphoneos"; IPHONEOS_DEPLOYMENT_TARGET = "17.0"; SWIFT_VERSION = "6.0"; SWIFT_OPTIMIZATION_LEVEL = "-Onone"; DEBUG_INFORMATION_FORMAT = "dwarf"; SWIFT_ACTIVE_COMPILATION_CONDITIONS = "DEBUG"; ENABLE_TESTABILITY = "YES"; }; name = Debug; };
		E6DE6C99132752C914FEF632 = { isa = XCBuildConfiguration; buildSettings = { CLANG_ENABLE_MODULES = "YES"; SDKROOT = "iphoneos"; IPHONEOS_DEPLOYMENT_TARGET = "17.0"; SWIFT_VERSION = "6.0"; SWIFT_OPTIMIZATION_LEVEL = "-O"; DEBUG_INFORMATION_FORMAT = "dwarf-with-dsym"; SWIFT_ACTIVE_COMPILATION_CONDITIONS = ""; ENABLE_TESTABILITY = "NO"; }; name = Release; };
		862894B703A6DEDF96A9DD6C = { isa = XCConfigurationList; buildConfigurations = (89E1FD6268CC0F221A2BE178, E6DE6C99132752C914FEF632); defaultConfigurationIsVisible = 0; defaultConfigurationName = Debug; };
		E9B2E96ABC5F6856F2BE79CF = { isa = XCBuildConfiguration; buildSettings = { CODE_SIGN_STYLE = "Automatic"; DEVELOPMENT_TEAM = ""; GENERATE_INFOPLIST_FILE = "YES"; PRODUCT_NAME = "$(TARGET_NAME)"; PRODUCT_BUNDLE_IDENTIFIER = "com.example.SwiftDataRollbackRepro"; TARGETED_DEVICE_FAMILY = "1,2"; SUPPORTED_PLATFORMS = "iphoneos iphonesimulator"; CURRENT_PROJECT_VERSION = "1"; MARKETING_VERSION = "1.0"; LD_RUNPATH_SEARCH_PATHS = "$(inherited) @executable_path/Frameworks @loader_path/Frameworks"; INFOPLIST_KEY_UIApplicationSceneManifest_Generation = "YES"; INFOPLIST_KEY_UILaunchScreen_Generation = "YES"; INFOPLIST_KEY_UIApplicationSupportsIndirectInputEvents = "YES"; }; name = Debug; };
		5A8C91857F674E16E2724F47 = { isa = XCBuildConfiguration; buildSettings = { CODE_SIGN_STYLE = "Automatic"; DEVELOPMENT_TEAM = ""; GENERATE_INFOPLIST_FILE = "YES"; PRODUCT_NAME = "$(TARGET_NAME)"; PRODUCT_BUNDLE_IDENTIFIER = "com.example.SwiftDataRollbackRepro"; TARGETED_DEVICE_FAMILY = "1,2"; SUPPORTED_PLATFORMS = "iphoneos iphonesimulator"; CURRENT_PROJECT_VERSION = "1"; MARKETING_VERSION = "1.0"; LD_RUNPATH_SEARCH_PATHS = "$(inherited) @executable_path/Frameworks @loader_path/Frameworks"; INFOPLIST_KEY_UIApplicationSceneManifest_Generation = "YES"; INFOPLIST_KEY_UILaunchScreen_Generation = "YES"; INFOPLIST_KEY_UIApplicationSupportsIndirectInputEvents = "YES"; }; name = Release; };
		F37922C48DA5978D02C9E50E = { isa = XCConfigurationList; buildConfigurations = (E9B2E96ABC5F6856F2BE79CF, 5A8C91857F674E16E2724F47); defaultConfigurationIsVisible = 0; defaultConfigurationName = Debug; };
		FCB48D8F88BCDB0ED9FADFD7 = { isa = XCBuildConfiguration; buildSettings = { CODE_SIGN_STYLE = "Automatic"; DEVELOPMENT_TEAM = ""; GENERATE_INFOPLIST_FILE = "YES"; PRODUCT_NAME = "$(TARGET_NAME)"; PRODUCT_BUNDLE_IDENTIFIER = "com.example.SwiftDataRollbackReproTests"; TARGETED_DEVICE_FAMILY = "1,2"; SUPPORTED_PLATFORMS = "iphoneos iphonesimulator"; CURRENT_PROJECT_VERSION = "1"; MARKETING_VERSION = "1.0"; LD_RUNPATH_SEARCH_PATHS = "$(inherited) @executable_path/Frameworks @loader_path/Frameworks"; BUNDLE_LOADER = "$(TEST_HOST)"; TEST_HOST = "$(BUILT_PRODUCTS_DIR)/SwiftDataRollbackRepro.app/SwiftDataRollbackRepro"; TEST_TARGET_NAME = "SwiftDataRollbackRepro"; }; name = Debug; };
		942EEBBACD6C88CAE7F29B29 = { isa = XCBuildConfiguration; buildSettings = { CODE_SIGN_STYLE = "Automatic"; DEVELOPMENT_TEAM = ""; GENERATE_INFOPLIST_FILE = "YES"; PRODUCT_NAME = "$(TARGET_NAME)"; PRODUCT_BUNDLE_IDENTIFIER = "com.example.SwiftDataRollbackReproTests"; TARGETED_DEVICE_FAMILY = "1,2"; SUPPORTED_PLATFORMS = "iphoneos iphonesimulator"; CURRENT_PROJECT_VERSION = "1"; MARKETING_VERSION = "1.0"; LD_RUNPATH_SEARCH_PATHS = "$(inherited) @executable_path/Frameworks @loader_path/Frameworks"; BUNDLE_LOADER = "$(TEST_HOST)"; TEST_HOST = "$(BUILT_PRODUCTS_DIR)/SwiftDataRollbackRepro.app/SwiftDataRollbackRepro"; TEST_TARGET_NAME = "SwiftDataRollbackRepro"; }; name = Release; };
		BECB265224D91761C05FDA33 = { isa = XCConfigurationList; buildConfigurations = (FCB48D8F88BCDB0ED9FADFD7, 942EEBBACD6C88CAE7F29B29); defaultConfigurationIsVisible = 0; defaultConfigurationName = Debug; };
		98F54143AB4E86B28C3AFEE0 = { isa = PBXProject; attributes = { BuildIndependentTargetsInParallel = YES; LastUpgradeCheck = 2700; TargetAttributes = { 4F6027D858B72CC70E5CC8E9 = { CreatedOnToolsVersion = 27.0; }; 0A06C5E2DA34E686D888A695 = { CreatedOnToolsVersion = 27.0; TestTargetID = 4F6027D858B72CC70E5CC8E9; }; }; }; buildConfigurationList = 862894B703A6DEDF96A9DD6C; compatibilityVersion = "Xcode 14.0"; developmentRegion = en; hasScannedForEncodings = 0; knownRegions = (en, Base); mainGroup = 64292B1C2B2E13EAD8788FC8; productRefGroup = FBDC4F23F93125BBEEAE800C; projectDirPath = ""; projectRoot = ""; targets = (4F6027D858B72CC70E5CC8E9, 0A06C5E2DA34E686D888A695); };
	};
	rootObject = 98F54143AB4E86B28C3AFEE0;
}
