<?xml version="1.0" encoding="UTF-8"?>
<Scheme LastUpgradeVersion="2700" version="1.7">
  <BuildAction parallelizeBuildables="YES" buildImplicitDependencies="YES">
    <BuildActionEntries>
      <BuildActionEntry buildForTesting="YES" buildForRunning="YES" buildForProfiling="YES" buildForArchiving="YES" buildForAnalyzing="YES"><BuildableReference BuildableIdentifier="primary" BlueprintIdentifier="4F6027D858B72CC70E5CC8E9" BuildableName="SwiftDataRollbackRepro.app" BlueprintName="SwiftDataRollbackRepro" ReferencedContainer="container:SwiftDataRollbackRepro.xcodeproj"/></BuildActionEntry>
      <BuildActionEntry buildForTesting="YES" buildForRunning="NO" buildForProfiling="NO" buildForArchiving="NO" buildForAnalyzing="NO"><BuildableReference BuildableIdentifier="primary" BlueprintIdentifier="0A06C5E2DA34E686D888A695" BuildableName="SwiftDataRollbackReproTests.xctest" BlueprintName="SwiftDataRollbackReproTests" ReferencedContainer="container:SwiftDataRollbackRepro.xcodeproj"/></BuildActionEntry>
    </BuildActionEntries>
  </BuildAction>
  <TestAction buildConfiguration="Debug" selectedDebuggerIdentifier="Xcode.DebuggerFoundation.Debugger.LLDB" selectedLauncherIdentifier="Xcode.IDEFoundation.Launcher.PosixSpawn" shouldUseLaunchSchemeArgsEnv="YES">
    <Testables><TestableReference skipped="NO" parallelizable="NO"><BuildableReference BuildableIdentifier="primary" BlueprintIdentifier="0A06C5E2DA34E686D888A695" BuildableName="SwiftDataRollbackReproTests.xctest" BlueprintName="SwiftDataRollbackReproTests" ReferencedContainer="container:SwiftDataRollbackRepro.xcodeproj"/></TestableReference></Testables>
  </TestAction>
  <LaunchAction buildConfiguration="Debug" selectedDebuggerIdentifier="Xcode.DebuggerFoundation.Debugger.LLDB" selectedLauncherIdentifier="Xcode.IDEFoundation.Launcher.PosixSpawn" launchStyle="0" useCustomWorkingDirectory="NO" ignoresPersistentStateOnLaunch="NO" debugDocumentVersioning="YES" allowLocationSimulation="YES">
    <BuildableProductRunnable runnableDebuggingMode="0"><BuildableReference BuildableIdentifier="primary" BlueprintIdentifier="4F6027D858B72CC70E5CC8E9" BuildableName="SwiftDataRollbackRepro.app" BlueprintName="SwiftDataRollbackRepro" ReferencedContainer="container:SwiftDataRollbackRepro.xcodeproj"/></BuildableProductRunnable>
  </LaunchAction>
  <ProfileAction buildConfiguration="Release" shouldUseLaunchSchemeArgsEnv="YES" savedToolIdentifier="" useCustomWorkingDirectory="NO" debugDocumentVersioning="YES"><BuildableProductRunnable runnableDebuggingMode="0"><BuildableReference BuildableIdentifier="primary" BlueprintIdentifier="4F6027D858B72CC70E5CC8E9" BuildableName="SwiftDataRollbackRepro.app" BlueprintName="SwiftDataRollbackRepro" ReferencedContainer="container:SwiftDataRollbackRepro.xcodeproj"/></BuildableProductRunnable></ProfileAction>
  <AnalyzeAction buildConfiguration="Debug"/>
  <ArchiveAction buildConfiguration="Release" revealArchiveInOrganizer="YES"/>
</Scheme>
